// !$*UTF8*$!
{
	archiveVersion = 1;
	classes = {
	};
	objectVersion = 46;
	objects = {

/* Begin PBXBuildFile section */
		17A74DD41E35FFBC00BFACDC /* AppDelegate.swift in Sources */ = {isa = PBXBuildFile; fileRef = 17A74DD31E35FFBC00BFACDC /* AppDelegate.swift */; };
		17A74DD61E35FFBC00BFACDC /* ViewController.swift in Sources */ = {isa = PBXBuildFile; fileRef = 17A74DD51E35FFBC00BFACDC /* ViewController.swift */; };
		17A74DD91E35FFBC00BFACDC /* Main.storyboard in Resources */ = {isa = PBXBuildFile; fileRef = 17A74DD71E35FFBC00BFACDC /* Main.storyboard */; };
		17A74DDB1E35FFBC00BFACDC /* Assets.xcassets in Resources */ = {isa = PBXBuildFile; fileRef = 17A74DDA1E35FFBC00BFACDC /* Assets.xcassets */; };
		17A74DDE1E35FFBC00BFACDC /* LaunchScreen.storyboard in Resources */ = {isa = PBXBuildFile; fileRef = 17A74DDC1E35FFBC00BFACDC /* LaunchScreen.storyboard */; };
		17A74DE81E36006C00BFACDC /* MTMenuButton.swift in Sources */ = {isa = PBXBuildFile; fileRef = 17A74DE71E36006C00BFACDC /* MTMenuButton.swift */; };
/* End PBXBuildFile section */

/* Begin PBXFileReference section */
		17A74DD01E35FFBC00BFACDC /* MTMoreButton.app */ = {isa = PBXFileReference; explicitFileType = wrapper.application; includeInIndex = 0; path = MTMoreButton.app; sourceTree = BUILT_PRODUCTS_DIR; };
		17A74DD31E35FFBC00BFACDC /* AppDelegate.swift */ = {isa = PBXFileReference; lastKnownFileType = sourcecode.swift; path = AppDelegate.swift; sourceTree = "<group>"; };
		17A74DD51E35FFBC00BFACDC /* ViewController.swift */ = {isa = PBXFileReference; lastKnownFileType = sourcecode.swift; path = ViewController.swift; sourceTree = "<group>"; };
		17A74DD81E35FFBC00BFACDC /* Base */ = {isa = PBXFileReference; lastKnownFileType = file.storyboard; name = Base; path = Base.lproj/Main.storyboard; sourceTree = "<group>"; };
		17A74DDA1E35FFBC00BFACDC /* Assets.xcassets */ = {isa = PBXFileReference; lastKnownFileType = folder.assetcatalog; path = Assets.xcassets; sourceTree = "<group>"; };
		17A74DDD1E35FFBC00BFACDC /* Base */ = {isa = PBXFileReference; lastKnownFileType = file.storyboard; name = Base; path = Base.lproj/LaunchScreen.storyboard; sourceTree = "<group>"; };
		17A74DDF1E35FFBC00BFACDC /* Info.plist */ = {isa = PBXFileReference; lastKnownFileType = text.plist.xml; path = Info.plist; sourceTree = "<group>"; };
		17A74DE71E36006C00BFACDC /* MTMenuButton.swift */ = {isa = PBXFileReference; fileEncoding = 4; lastKnownFileType = sourcecode.swift; path = MTMenuButton.swift; sourceTree = "<group>"; };
/* End PBXFileReference section */

/* Begin PBXFrameworksBuildPhase section */
		17A74DCD1E35FFBC00BFACDC /* Frameworks */ = {
			isa = PBXFrameworksBuildPhase;
			buildActionMask = 2147483647;
			files = (
			);
			runOnlyForDeploymentPostprocessing = 0;
		};
/* End PBXFrameworksBuildPhase section */

/* Begin PBXGroup section */
		17A74DC71E35FFBC00BFACDC = {
			isa = PBXGroup;
			children = (
				17A74DD21E35FFBC00BFACDC /* MTMoreButton */,
				17A74DD11E35FFBC00BFACDC /* Products */,
			);
			sourceTree = "<group>";
		};
		17A74DD11E35FFBC00BFACDC /* Products */ = {
			isa = PBXGroup;
			children = (
				17A74DD01E35FFBC00BFACDC /* MTMoreButton.app */,
			);
			name = Products;
			sourceTree = "<group>";
		};
		17A74DD21E35FFBC00BFACDC /* MTMoreButton */ = {
			isa = PBXGroup;
			children = (
				17A74DD31E35FFBC00BFACDC /* AppDelegate.swift */,
				17A74DD51E35FFBC00BFACDC /* ViewController.swift */,
				17A74DE71E36006C00BFACDC /* MTMenuButton.swift */,
				17A74DD71E35FFBC00BFACDC /* Main.storyboard */,
				17A74DDA1E35FFBC00BFACDC /* Assets.xcassets */,
				17A74DDC1E35FFBC00BFACDC /* LaunchScreen.storyboard */,
				17A74DDF1E35FFBC00BFACDC /* Info.plist */,
			);
			path = MTMoreButton;
			sourceTree = "<group>";
		};
/* End PBXGroup section */

/* Begin PBXNativeTarget section */
		17A74DCF1E35FFBC00BFACDC /* MTMoreButton */ = {
			isa = PBXNativeTarget;
			buildConfigurationList = 17A74DE21E35FFBC00BFACDC /* Build configuration list for PBXNativeTarget "MTMoreButton" */;
			buildPhases = (
				17A74DCC1E35FFBC00BFACDC /* Sources */,
				17A74DCD1E35FFBC00BFACDC /* Frameworks */,
				17A74DCE1E35FFBC00BFACDC /* Resources */,
			);
			buildRules = (
			);
			dependencies = (
			);
			name = MTMoreButton;
			productName = MTMoreButton;
			productReference = 17A74DD01E35FFBC00BFACDC /* MTMoreButton.app */;
			productType = "com.apple.product-type.application";
		};
/* End PBXNativeTarget section */

/* Begin PBXProject section */
		17A74DC81E35FFBC00BFACDC /* Project object */ = {
			isa = PBXProject;
			attributes = {
				LastSwiftUpdateCheck = 0820;
				LastUpgradeCheck = 0820;
				ORGANIZATIONNAME = "Devubha Manek";
				TargetAttributes = {
					17A74DCF1E35FFBC00BFACDC = {
						CreatedOnToolsVersion = 8.2;
						DevelopmentTeam = CJESF9R9MD;
						ProvisioningStyle = Manual;
					};
				};
			};
			buildConfigurationList = 17A74DCB1E35FFBC00BFACDC /* Build configuration list for PBXProject "MTMoreButton" */;
			compatibilityVersion = "Xcode 3.2";
			developmentRegion = English;
			hasScannedForEncodings = 0;
			knownRegions = (
				en,
				Base,
			);
			mainGroup = 17A74DC71E35FFBC00BFACDC;
			productRefGroup = 17A74DD11E35FFBC00BFACDC /* Products */;
			projectDirPath = "";
			projectRoot = "";
			targets = (
				17A74DCF1E35FFBC00BFACDC /* MTMoreButton */,
			);
		};
/* End PBXProject section */

/* Begin PBXResourcesBuildPhase section */
		17A74DCE1E35FFBC00BFACDC /* Resources */ = {
			isa = PBXResourcesBuildPhase;
			buildActionMask = 2147483647;
			files = (
				17A74DDE1E35FFBC00BFACDC /* LaunchScreen.storyboard in Resources */,
				17A74DDB1E35FFBC00BFACDC /* Assets.xcassets in Resources */,
				17A74DD91E35FFBC00BFACDC /* Main.storyboard in Resources */,
			);
			runOnlyForDeploymentPostprocessing = 0;
		};
/* End PBXResourcesBuildPhase section */

/* Begin PBXSourcesBuildPhase section */
		17A74DCC1E35FFBC00BFACDC /* Sources */ = {
			isa = PBXSourcesBuildPhase;
			buildActionMask = 2147483647;
			files = (
				17A74DD61E35FFBC00BFACDC /* ViewController.swift in Sources */,
				17A74DE81E36006C00BFACDC /* MTMenuButton.swift in Sources */,
				17A74DD41E35FFBC00BFACDC /* AppDelegate.swift in Sources */,
			);
			runOnlyForDeploymentPostprocessing = 0;
		};
/* End PBXSourcesBuildPhase section */

/* Begin PBXVariantGroup section */
		17A74DD71E35FFBC00BFACDC /* Main.storyboard */ = {
			isa = PBXVariantGroup;
			children = (
				17A74DD81E35FFBC00BFACDC /* Base */,
			);
			name = Main.storyboard;
			sourceTree = "<group>";
		};
		17A74DDC1E35FFBC00BFACDC /* LaunchScreen.storyboard */ = {
			isa = PBXVariantGroup;
			children = (
				17A74DDD1E35FFBC00BFACDC /* Base */,
			);
			name = LaunchScreen.storyboard;
			sourceTree = "<group>";
		};
/* End PBXVariantGroup section */

/* Begin XCBuildConfiguration section */
		17A74DE01E35FFBC00BFACDC /* Debug */ = {
			isa = XCBuildConfiguration;
			buildSettings = {
				ALWAYS_SEARCH_USER_PATHS = NO;
				CLANG_ANALYZER_NONNULL = YES;
				CLANG_CXX_LANGUAGE_STANDARD = "gnu++0x";
				CLANG_CXX_LIBRARY = "libc++";
				CLANG_ENABLE_MODULES = YES;
				CLANG_ENABLE_OBJC_ARC = YES;
				CLANG_WARN_BOOL_CONVERSION = YES;
				CLANG_WARN_CONSTANT_CONVERSION = YES;
				CLANG_WARN_DIRECT_OBJC_ISA_USAGE = YES_ERROR;
				CLANG_WARN_DOCUMENTATION_COMMENTS = YES;
				CLANG_WARN_EMPTY_BODY = YES;
				CLANG_WARN_ENUM_CONVERSION = YES;
				CLANG_WARN_INFINITE_RECURSION = YES;
				CLANG_WARN_INT_CONVERSION = YES;
				CLANG_WARN_OBJC_ROOT_CLASS = YES_ERROR;
				CLANG_WARN_SUSPICIOUS_MOVE = YES;
				CLANG_WARN_UNREACHABLE_CODE = YES;
				CLANG_WARN__DUPLICATE_METHOD_MATCH = YES;
				"CODE_SIGN_IDENTITY[sdk=iphoneos*]" = "iPhone Developer";
				COPY_PHASE_STRIP = NO;
				DEBUG_INFORMATION_FORMAT = dwarf;
				ENABLE_STRICT_OBJC_MSGSEND = YES;
				ENABLE_TESTABILITY = YES;
				GCC_C_LANGUAGE_STANDARD = gnu99;
				GCC_DYNAMIC_NO_PIC = NO;
				GCC_NO_COMMON_BLOCKS = YES;
				GCC_OPTIMIZATION_LEVEL = 0;
				GCC_PREPROCESSOR_DEFINITIONS = (
					"DEBUG=1",
					"$(inherited)",
				);
				GCC_WARN_64_TO_32_BIT_CONVERSION = YES;
				GCC_WARN_ABOUT_RETURN_TYPE = YES_ERROR;
				GCC_WARN_UNDECLARED_SELECTOR = YES;
				GCC_WARN_UNINITIALIZED_AUTOS = YES_AGGRESSIVE;
				GCC_WARN_UNUSED_FUNCTION = YES;
				GCC_WARN_UNUSED_VARIABLE = YES;
				IPHONEOS_DEPLOYMENT_TARGET = 10.2;
				MTL_ENABLE_DEBUG_INFO = YES;
				ONLY_ACTIVE_ARCH = YES;
				SDKROOT = iphoneos;
				SWIFT_ACTIVE_COMPILATION_CONDITIONS = DEBUG;
				SWIFT_OPTIMIZATION_LEVEL = "-Onone";
				TARGETED_DEVICE_FAMILY = "1,2";
			};
			name = Debug;
		};
		17A74DE11E35FFBC00BFACDC /* Release */ = {
			isa = XCBuildConfiguration;
			buildSettings = {
				ALWAYS_SEARCH_USER_PATHS = NO;
				CLANG_ANALYZER_NONNULL = YES;
				CLANG_CXX_LANGUAGE_STANDARD = "gnu++0x";
				CLANG_CXX_LIBRARY = "libc++";
				CLANG_ENABLE_MODULES = YES;
				CLANG_ENABLE_OBJC_ARC = YES;
				CLANG_WARN_BOOL_CONVERSION = YES;
				CLANG_WARN_CONSTANT_CONVERSION = YES;
				CLANG_WARN_DIRECT_OBJC_ISA_USAGE = YES_ERROR;
				CLANG_WARN_DOCUMENTATION_COMMENTS = YES;
				CLANG_WARN_EMPTY_BODY = YES;
				CLANG_WARN_ENUM_CONVERSION = YES;
				CLANG_WARN_INFINITE_RECURSION = YES;
				CLANG_WARN_INT_CONVERSION = YES;
				CLANG_WARN_OBJC_ROOT_CLASS = YES_ERROR;
				CLANG_WARN_SUSPICIOUS_MOVE = YES;
				CLANG_WARN_UNREACHABLE_CODE = YES;
				CLANG_WARN__DUPLICATE_METHOD_MATCH = YES;
				"CODE_SIGN_IDENTITY[sdk=iphoneos*]" = "iPhone Developer";
				COPY_PHASE_STRIP = NO;
				DEBUG_INFORMATION_FORMAT = "dwarf-with-dsym";
				ENABLE_NS_ASSERTIONS = NO;
				ENABLE_STRICT_OBJC_MSGSEND = YES;
				GCC_C_LANGUAGE_STANDARD = gnu99;
				GCC_NO_COMMON_BLOCKS = YES;
				GCC_WARN_64_TO_32_BIT_CONVERSION = YES;
				GCC_WARN_ABOUT_RETURN_TYPE = YES_ERROR;
				GCC_WARN_UNDECLARED_SELECTOR = YES;
				GCC_WARN_UNINITIALIZED_AUTOS = YES_AGGRESSIVE;
				GCC_WARN_UNUSED_FUNCTION = YES;
				GCC_WARN_UNUSED_VARIABLE = YES;
				IPHONEOS_DEPLOYMENT_TARGET = 10.2;
				MTL_ENABLE_DEBUG_INFO = NO;
				SDKROOT = iphoneos;
				SWIFT_OPTIMIZATION_LEVEL = "-Owholemodule";
				TARGETED_DEVICE_FAMILY = "1,2";
				VALIDATE_PRODUCT = YES;
			};
			name = Release;
		};
		17A74DE31E35FFBC00BFACDC /* Debug */ = {
			isa = XCBuildConfiguration;
			buildSettings = {
				ASSETCATALOG_COMPILER_APPICON_NAME = AppIcon;
				CODE_SIGN_IDENTITY = "iPhone Developer: Devubha Manek (W6E759D8LP)";
				"CODE_SIGN_IDENTITY[sdk=iphoneos*]" = "iPhone Developer: Devubha Manek (W6E759D8LP)";
				DEVELOPMENT_TEAM = CJESF9R9MD;
				INFOPLIST_FILE = MTMoreButton/Info.plist;
				IPHONEOS_DEPLOYMENT_TARGET = 8.2;
				LD_RUNPATH_SEARCH_PATHS = "$(inherited) @executable_path/Frameworks";
				PRODUCT_BUNDLE_IDENTIFIER = com.test.MTMoreButton;
				PRODUCT_NAME = "$(TARGET_NAME)";
				PROVISIONING_PROFILE = "e8c17819-16e4-4444-88a1-a8a781227af3";
				PROVISIONING_PROFILE_SPECIFIER = WildcardTest;
				SWIFT_VERSION = 3.0;
				TARGETED_DEVICE_FAMILY = 1;
			};
			name = Debug;
		};
		17A74DE41E35FFBC00BFACDC /* Release */ = {
			isa = XCBuildConfiguration;
			buildSettings = {
				ASSETCATALOG_COMPILER_APPICON_NAME = AppIcon;
				CODE_SIGN_IDENTITY = "iPhone Developer: Devubha Manek (W6E759D8LP)";
				"CODE_SIGN_IDENTITY[sdk=iphoneos*]" = "iPhone Developer: Devubha Manek (W6E759D8LP)";
				DEVELOPMENT_TEAM = CJESF9R9MD;
				INFOPLIST_FILE = MTMoreButton/Info.plist;
				IPHONEOS_DEPLOYMENT_TARGET = 8.2;
				LD_RUNPATH_SEARCH_PATHS = "$(inherited) @executable_path/Frameworks";
				PRODUCT_BUNDLE_IDENTIFIER = com.test.MTMoreButton;
				PRODUCT_NAME = "$(TARGET_NAME)";
				PROVISIONING_PROFILE = "e8c17819-16e4-4444-88a1-a8a781227af3";
				PROVISIONING_PROFILE_SPECIFIER = WildcardTest;
				SWIFT_VERSION = 3.0;
				TARGETED_DEVICE_FAMILY = 1;
			};
			name = Release;
		};
/* End XCBuildConfiguration section */

/* Begin XCConfigurationList section */
		17A74DCB1E35FFBC00BFACDC /* Build configuration list for PBXProject "MTMoreButton" */ = {
			isa = XCConfigurationList;
			buildConfigurations = (
				17A74DE01E35FFBC00BFACDC /* Debug */,
				17A74DE11E35FFBC00BFACDC /* Release */,
			);
			defaultConfigurationIsVisible = 0;
			defaultConfigurationName = Release;
		};
		17A74DE21E35FFBC00BFACDC /* Build configuration list for PBXNativeTarget "MTMoreButton" */ = {
			isa = XCConfigurationList;
			buildConfigurations = (
				17A74DE31E35FFBC00BFACDC /* Debug */,
				17A74DE41E35FFBC00BFACDC /* Release */,
			);
			defaultConfigurationIsVisible = 0;
			defaultConfigurationName = Release;
		};
/* End XCConfigurationList section */
	};
	rootObject = 17A74DC81E35FFBC00BFACDC /* Project object */;
}
